
Microsoft Visual Studio Solution File, Format Version 12.00
# Visual Studio Version 17
VisualStudioVersion = 17.7.34024.191
MinimumVisualStudioVersion = 10.0.40219.1
Project("{FAE04EC0-301F-11D3-BF4B-00C04F79EFBC}") = "TGDD", "TGDD\TGDD.csproj", "{66C2F1E5-73C8-4460-94BE-8D38415DEC9A}"
EndProject
Global
	GlobalSection(SolutionConfigurationPlatforms) = preSolution
		Debug|Any CPU = Debug|Any CPU
		Release|Any CPU = Release|Any CPU
	EndGlobalSection
	GlobalSection(ProjectConfigurationPlatforms) = postSolution
		{66C2F1E5-73C8-4460-94BE-8D38415DEC9A}.Debug|Any CPU.ActiveCfg = Debug|Any CPU
		{66C2F1E5-73C8-4460-94BE-8D38415DEC9A}.Debug|Any CPU.Build.0 = Debug|Any CPU
		{66C2F1E5-73C8-4460-94BE-8D38415DEC9A}.Release|Any CPU.ActiveCfg = Release|Any CPU
		{66C2F1E5-73C8-4460-94BE-8D38415DEC9A}.Release|Any CPU.Build.0 = Release|Any CPU
	EndGlobalSection
	GlobalSection(SolutionProperties) = preSolution
		HideSolutionNode = FALSE
	EndGlobalSection
	GlobalSection(ExtensibilityGlobals) = postSolution
		SolutionGuid = {BBE1BF85-B92D-4EEF-9F9C-810EDB5D0A27}
	EndGlobalSection
EndGlobal
